// !$*UTF8*$!
{
	archiveVersion = 1;
	classes = {
	};
	objectVersion = 56;
	objects = {

/* Begin PBXBuildFile section */
		0401C5722C96719A00D002E1 /* brewCoffeeApp.swift in Sources */ = {isa = PBXBuildFile; fileRef = 0401C5712C96719A00D002E1 /* brewCoffeeApp.swift */; };
		0401C5742C96719A00D002E1 /* ContentView.swift in Sources */ = {isa = PBXBuildFile; fileRef = 0401C5732C96719A00D002E1 /* ContentView.swift */; };
		0401C5762C96719B00D002E1 /* Assets.xcassets in Resources */ = {isa = PBXBuildFile; fileRef = 0401C5752C96719B00D002E1 /* Assets.xcassets */; };
		0401C5792C96719B00D002E1 /* Preview Assets.xcassets in Resources */ = {isa = PBXBuildFile; fileRef = 0401C5782C96719B00D002E1 /* Preview Assets.xcassets */; };
		049FAFC12C9934160085E881 /* DetailCoffee.swift in Sources */ = {isa = PBXBuildFile; fileRef = 049FAFC02C9934160085E881 /* DetailCoffee.swift */; };
		04B3FC272C990F8F0042E286 /* SummaryCard.swift in Sources */ = {isa = PBXBuildFile; fileRef = 04B3FC262C990F8F0042E286 /* SummaryCard.swift */; };
		04B3FC2B2C9916DD0042E286 /* CurrentCoffeeCard.swift in Sources */ = {isa = PBXBuildFile; fileRef = 04B3FC2A2C9916DD0042E286 /* CurrentCoffeeCard.swift */; };
		04B3FC312C99192D0042E286 /* GraphCaffeine.swift in Sources */ = {isa = PBXBuildFile; fileRef = 04B3FC302C99192C0042E286 /* GraphCaffeine.swift */; };
		04B3FC332C991EAF0042E286 /* DashboardView.swift in Sources */ = {isa = PBXBuildFile; fileRef = 04B3FC322C991EAF0042E286 /* DashboardView.swift */; };
		04B3FC392C9928710042E286 /* CoffeeView.swift in Sources */ = {isa = PBXBuildFile; fileRef = 04B3FC382C9928710042E286 /* CoffeeView.swift */; };
		04B3FC3D2C99D2E40042E286 /* CoffeeCard.swift in Sources */ = {isa = PBXBuildFile; fileRef = 04B3FC3C2C99D2E40042E286 /* CoffeeCard.swift */; };
		04B3FC3F2C9A6E6B0042E286 /* HistoryLogView.swift in Sources */ = {isa = PBXBuildFile; fileRef = 04B3FC3E2C9A6E6B0042E286 /* HistoryLogView.swift */; };
		04B3FC412C9A95250042E286 /* .gitignore in Resources */ = {isa = PBXBuildFile; fileRef = 04B3FC402C9A95250042E286 /* .gitignore */; };
		04D39AAA2C97C65700B12E01 /* consumptionLogPage.swift in Sources */ = {isa = PBXBuildFile; fileRef = 04D39AA92C97C65700B12E01 /* consumptionLogPage.swift */; };
		04D39AAE2C97DE1700B12E01 /* historyList.swift in Sources */ = {isa = PBXBuildFile; fileRef = 04D39AAD2C97DE1700B12E01 /* historyList.swift */; };
		04E708142C9BCD470069FDDD /* CaffeineRecordView.swift in Sources */ = {isa = PBXBuildFile; fileRef = 04E708132C9BCD470069FDDD /* CaffeineRecordView.swift */; };
		04E708162C9BCD800069FDDD /* CoreDataManager.swift in Sources */ = {isa = PBXBuildFile; fileRef = 04E708152C9BCD800069FDDD /* CoreDataManager.swift */; };
		04E708182C9BCD9E0069FDDD /* CoffeeController.swift in Sources */ = {isa = PBXBuildFile; fileRef = 04E708172C9BCD9E0069FDDD /* CoffeeController.swift */; };
		04E7081A2C9BCDB90069FDDD /* CoffeeModelling.swift in Sources */ = {isa = PBXBuildFile; fileRef = 04E708192C9BCDB90069FDDD /* CoffeeModelling.swift */; };
		04E7081C2C9BCDD60069FDDD /* CoffeeFormView.swift in Sources */ = {isa = PBXBuildFile; fileRef = 04E7081B2C9BCDD60069FDDD /* CoffeeFormView.swift */; };
		04E7081E2C9BCDF30069FDDD /* CoffeeDrinkTimeSectionView.swift in Sources */ = {isa = PBXBuildFile; fileRef = 04E7081D2C9BCDF30069FDDD /* CoffeeDrinkTimeSectionView.swift */; };
		04E708202C9BCE210069FDDD /* CoffeeMixtureSectionView.swift in Sources */ = {isa = PBXBuildFile; fileRef = 04E7081F2C9BCE210069FDDD /* CoffeeMixtureSectionView.swift */; };
		04E708222C9BCE5D0069FDDD /* CoffeeDetailSheetView.swift in Sources */ = {isa = PBXBuildFile; fileRef = 04E708212C9BCE5D0069FDDD /* CoffeeDetailSheetView.swift */; };
		04E708262C9BCEED0069FDDD /* CoffeeDetailSectionView.swift in Sources */ = {isa = PBXBuildFile; fileRef = 04E708252C9BCEED0069FDDD /* CoffeeDetailSectionView.swift */; };
		04E708282C9BCF0B0069FDDD /* CoffeeRowView.swift in Sources */ = {isa = PBXBuildFile; fileRef = 04E708272C9BCF0B0069FDDD /* CoffeeRowView.swift */; };
		04E7082E2C9BCF890069FDDD /* CoffeeModel.xcdatamodeld in Sources */ = {isa = PBXBuildFile; fileRef = 04E7082C2C9BCF890069FDDD /* CoffeeModel.xcdatamodeld */; };
		04FBDB622C9A999D00F3DC3E /* splashscreen.swift in Sources */ = {isa = PBXBuildFile; fileRef = 04FBDB612C9A999D00F3DC3E /* splashscreen.swift */; };
		04FBDB662C9A9AE400F3DC3E /* kucing.gif in Resources */ = {isa = PBXBuildFile; fileRef = 04FBDB652C9A9AE400F3DC3E /* kucing.gif */; };
/* End PBXBuildFile section */

/* Begin PBXFileReference section */
		0401C56E2C96719A00D002E1 /* brewCoffee.app */ = {isa = PBXFileReference; explicitFileType = wrapper.application; includeInIndex = 0; path = brewCoffee.app; sourceTree = BUILT_PRODUCTS_DIR; };
		0401C5712C96719A00D002E1 /* brewCoffeeApp.swift */ = {isa = PBXFileReference; lastKnownFileType = sourcecode.swift; path = brewCoffeeApp.swift; sourceTree = "<group>"; };
		0401C5732C96719A00D002E1 /* ContentView.swift */ = {isa = PBXFileReference; lastKnownFileType = sourcecode.swift; path = ContentView.swift; sourceTree = "<group>"; };
		0401C5752C96719B00D002E1 /* Assets.xcassets */ = {isa = PBXFileReference; lastKnownFileType = folder.assetcatalog; path = Assets.xcassets; sourceTree = "<group>"; };
		0401C5782C96719B00D002E1 /* Preview Assets.xcassets */ = {isa = PBXFileReference; lastKnownFileType = folder.assetcatalog; path = "Preview Assets.xcassets"; sourceTree = "<group>"; };
		049FAFC02C9934160085E881 /* DetailCoffee.swift */ = {isa = PBXFileReference; lastKnownFileType = sourcecode.swift; path = DetailCoffee.swift; sourceTree = "<group>"; };
		04B3FC262C990F8F0042E286 /* SummaryCard.swift */ = {isa = PBXFileReference; lastKnownFileType = sourcecode.swift; path = SummaryCard.swift; sourceTree = "<group>"; };
		04B3FC2A2C9916DD0042E286 /* CurrentCoffeeCard.swift */ = {isa = PBXFileReference; lastKnownFileType = sourcecode.swift; path = CurrentCoffeeCard.swift; sourceTree = "<group>"; };
		04B3FC302C99192C0042E286 /* GraphCaffeine.swift */ = {isa = PBXFileReference; lastKnownFileType = sourcecode.swift; path = GraphCaffeine.swift; sourceTree = "<group>"; };
		04B3FC322C991EAF0042E286 /* DashboardView.swift */ = {isa = PBXFileReference; lastKnownFileType = sourcecode.swift; path = DashboardView.swift; sourceTree = "<group>"; };
		04B3FC382C9928710042E286 /* CoffeeView.swift */ = {isa = PBXFileReference; lastKnownFileType = sourcecode.swift; path = CoffeeView.swift; sourceTree = "<group>"; };
		04B3FC3C2C99D2E40042E286 /* CoffeeCard.swift */ = {isa = PBXFileReference; lastKnownFileType = sourcecode.swift; path = CoffeeCard.swift; sourceTree = "<group>"; };
		04B3FC3E2C9A6E6B0042E286 /* HistoryLogView.swift */ = {isa = PBXFileReference; lastKnownFileType = sourcecode.swift; path = HistoryLogView.swift; sourceTree = "<group>"; };
		04B3FC402C9A95250042E286 /* .gitignore */ = {isa = PBXFileReference; lastKnownFileType = text; path = .gitignore; sourceTree = "<group>"; };
		04D39AA92C97C65700B12E01 /* consumptionLogPage.swift */ = {isa = PBXFileReference; lastKnownFileType = sourcecode.swift; path = consumptionLogPage.swift; sourceTree = "<group>"; };
		04D39AAD2C97DE1700B12E01 /* historyList.swift */ = {isa = PBXFileReference; lastKnownFileType = sourcecode.swift; path = historyList.swift; sourceTree = "<group>"; };
		04E708132C9BCD470069FDDD /* CaffeineRecordView.swift */ = {isa = PBXFileReference; lastKnownFileType = sourcecode.swift; path = CaffeineRecordView.swift; sourceTree = "<group>"; };
		04E708152C9BCD800069FDDD /* CoreDataManager.swift */ = {isa = PBXFileReference; lastKnownFileType = sourcecode.swift; path = CoreDataManager.swift; sourceTree = "<group>"; };
		04E708172C9BCD9E0069FDDD /* CoffeeController.swift */ = {isa = PBXFileReference; lastKnownFileType = sourcecode.swift; path = CoffeeController.swift; sourceTree = "<group>"; };
		04E708192C9BCDB90069FDDD /* CoffeeModelling.swift */ = {isa = PBXFileReference; lastKnownFileType = sourcecode.swift; path = CoffeeModelling.swift; sourceTree = "<group>"; };
		04E7081B2C9BCDD60069FDDD /* CoffeeFormView.swift */ = {isa = PBXFileReference; lastKnownFileType = sourcecode.swift; path = CoffeeFormView.swift; sourceTree = "<group>"; };
		04E7081D2C9BCDF30069FDDD /* CoffeeDrinkTimeSectionView.swift */ = {isa = PBXFileReference; lastKnownFileType = sourcecode.swift; path = CoffeeDrinkTimeSectionView.swift; sourceTree = "<group>"; };
		04E7081F2C9BCE210069FDDD /* CoffeeMixtureSectionView.swift */ = {isa = PBXFileReference; lastKnownFileType = sourcecode.swift; path = CoffeeMixtureSectionView.swift; sourceTree = "<group>"; };
		04E708212C9BCE5D0069FDDD /* CoffeeDetailSheetView.swift */ = {isa = PBXFileReference; lastKnownFileType = sourcecode.swift; path = CoffeeDetailSheetView.swift; sourceTree = "<group>"; };
		04E708252C9BCEED0069FDDD /* CoffeeDetailSectionView.swift */ = {isa = PBXFileReference; lastKnownFileType = sourcecode.swift; path = CoffeeDetailSectionView.swift; sourceTree = "<group>"; };
		04E708272C9BCF0B0069FDDD /* CoffeeRowView.swift */ = {isa = PBXFileReference; lastKnownFileType = sourcecode.swift; path = CoffeeRowView.swift; sourceTree = "<group>"; };
		04E7082D2C9BCF890069FDDD /* CoffeeModel.xcdatamodel */ = {isa = PBXFileReference; lastKnownFileType = wrapper.xcdatamodel; path = CoffeeModel.xcdatamodel; sourceTree = "<group>"; };
		04FBDB612C9A999D00F3DC3E /* splashscreen.swift */ = {isa = PBXFileReference; lastKnownFileType = sourcecode.swift; path = splashscreen.swift; sourceTree = "<group>"; };
		04FBDB652C9A9AE400F3DC3E /* kucing.gif */ = {isa = PBXFileReference; lastKnownFileType = image.gif; name = kucing.gif; path = ../../../../../Downloads/kucing.gif; sourceTree = "<group>"; };
/* End PBXFileReference section */

/* Begin PBXFrameworksBuildPhase section */
		0401C56B2C96719A00D002E1 /* Frameworks */ = {
			isa = PBXFrameworksBuildPhase;
			buildActionMask = 2147483647;
			files = (
			);
			runOnlyForDeploymentPostprocessing = 0;
		};
/* End PBXFrameworksBuildPhase section */

/* Begin PBXGroup section */
		0401C5652C96719A00D002E1 = {
			isa = PBXGroup;
			children = (
				0401C5702C96719A00D002E1 /* brewCoffee */,
				04B3FC402C9A95250042E286 /* .gitignore */,
				0401C56F2C96719A00D002E1 /* Products */,
			);
			sourceTree = "<group>";
		};
		0401C56F2C96719A00D002E1 /* Products */ = {
			isa = PBXGroup;
			children = (
				0401C56E2C96719A00D002E1 /* brewCoffee.app */,
			);
			name = Products;
			sourceTree = "<group>";
		};
		0401C5702C96719A00D002E1 /* brewCoffee */ = {
			isa = PBXGroup;
			children = (
				04E708102C9BCC460069FDDD /* CaffeineRecord */,
				04FBDB602C9A998600F3DC3E /* splash */,
				04B3FC372C9928610042E286 /* Coffee */,
				04B3FC202C990E180042E286 /* Dashboard */,
				0401C5712C96719A00D002E1 /* brewCoffeeApp.swift */,
				0401C5732C96719A00D002E1 /* ContentView.swift */,
				04D39AA92C97C65700B12E01 /* consumptionLogPage.swift */,
				0401C5752C96719B00D002E1 /* Assets.xcassets */,
				0401C5772C96719B00D002E1 /* Preview Content */,
			);
			path = brewCoffee;
			sourceTree = "<group>";
		};
		0401C5772C96719B00D002E1 /* Preview Content */ = {
			isa = PBXGroup;
			children = (
				0401C5782C96719B00D002E1 /* Preview Assets.xcassets */,
			);
			path = "Preview Content";
			sourceTree = "<group>";
		};
		04B3FC202C990E180042E286 /* Dashboard */ = {
			isa = PBXGroup;
			children = (
				04B3FC262C990F8F0042E286 /* SummaryCard.swift */,
				04B3FC2A2C9916DD0042E286 /* CurrentCoffeeCard.swift */,
				04B3FC302C99192C0042E286 /* GraphCaffeine.swift */,
				04B3FC322C991EAF0042E286 /* DashboardView.swift */,
				04B3FC3E2C9A6E6B0042E286 /* HistoryLogView.swift */,
				04D39AAD2C97DE1700B12E01 /* historyList.swift */,
			);
			path = Dashboard;
			sourceTree = "<group>";
		};
		04B3FC372C9928610042E286 /* Coffee */ = {
			isa = PBXGroup;
			children = (
				049FAFC02C9934160085E881 /* DetailCoffee.swift */,
				04B3FC382C9928710042E286 /* CoffeeView.swift */,
				04B3FC3C2C99D2E40042E286 /* CoffeeCard.swift */,
			);
			path = Coffee;
			sourceTree = "<group>";
		};
		04E708102C9BCC460069FDDD /* CaffeineRecord */ = {
			isa = PBXGroup;
			children = (
				04E708132C9BCD470069FDDD /* CaffeineRecordView.swift */,
				04E708152C9BCD800069FDDD /* CoreDataManager.swift */,
				04E708172C9BCD9E0069FDDD /* CoffeeController.swift */,
				04E708192C9BCDB90069FDDD /* CoffeeModelling.swift */,
				04E7081B2C9BCDD60069FDDD /* CoffeeFormView.swift */,
				04E7081D2C9BCDF30069FDDD /* CoffeeDrinkTimeSectionView.swift */,
				04E7081F2C9BCE210069FDDD /* CoffeeMixtureSectionView.swift */,
				04E708212C9BCE5D0069FDDD /* CoffeeDetailSheetView.swift */,
				04E708252C9BCEED0069FDDD /* CoffeeDetailSectionView.swift */,
				04E708272C9BCF0B0069FDDD /* CoffeeRowView.swift */,
				04E7082C2C9BCF890069FDDD /* CoffeeModel.xcdatamodeld */,
			);
			path = CaffeineRecord;
			sourceTree = "<group>";
		};
		04FBDB602C9A998600F3DC3E /* splash */ = {
			isa = PBXGroup;
			children = (
				04FBDB612C9A999D00F3DC3E /* splashscreen.swift */,
				04FBDB652C9A9AE400F3DC3E /* kucing.gif */,
			);
			path = splash;
			sourceTree = "<group>";
		};
/* End PBXGroup section */

/* Begin PBXNativeTarget section */
		0401C56D2C96719A00D002E1 /* brewCoffee */ = {
			isa = PBXNativeTarget;
			buildConfigurationList = 0401C57C2C96719B00D002E1 /* Build configuration list for PBXNativeTarget "brewCoffee" */;
			buildPhases = (
				0401C56A2C96719A00D002E1 /* Sources */,
				0401C56B2C96719A00D002E1 /* Frameworks */,
				0401C56C2C96719A00D002E1 /* Resources */,
			);
			buildRules = (
			);
			dependencies = (
			);
			name = brewCoffee;
			productName = brewCoffee;
			productReference = 0401C56E2C96719A00D002E1 /* brewCoffee.app */;
			productType = "com.apple.product-type.application";
		};
/* End PBXNativeTarget section */

/* Begin PBXProject section */
		0401C5662C96719A00D002E1 /* Project object */ = {
			isa = PBXProject;
			attributes = {
				BuildIndependentTargetsInParallel = 1;
				LastSwiftUpdateCheck = 1530;
				LastUpgradeCheck = 1530;
				TargetAttributes = {
					0401C56D2C96719A00D002E1 = {
						CreatedOnToolsVersion = 15.3;
					};
				};
			};
			buildConfigurationList = 0401C5692C96719A00D002E1 /* Build configuration list for PBXProject "brewCoffee" */;
			compatibilityVersion = "Xcode 14.0";
			developmentRegion = en;
			hasScannedForEncodings = 0;
			knownRegions = (
				en,
				Base,
			);
			mainGroup = 0401C5652C96719A00D002E1;
			productRefGroup = 0401C56F2C96719A00D002E1 /* Products */;
			projectDirPath = "";
			projectRoot = "";
			targets = (
				0401C56D2C96719A00D002E1 /* brewCoffee */,
			);
		};
/* End PBXProject section */

/* Begin PBXResourcesBuildPhase section */
		0401C56C2C96719A00D002E1 /* Resources */ = {
			isa = PBXResourcesBuildPhase;
			buildActionMask = 2147483647;
			files = (
				0401C5792C96719B00D002E1 /* Preview Assets.xcassets in Resources */,
				04B3FC412C9A95250042E286 /* .gitignore in Resources */,
				0401C5762C96719B00D002E1 /* Assets.xcassets in Resources */,
				04FBDB662C9A9AE400F3DC3E /* kucing.gif in Resources */,
			);
			runOnlyForDeploymentPostprocessing = 0;
		};
/* End PBXResourcesBuildPhase section */

/* Begin PBXSourcesBuildPhase section */
		0401C56A2C96719A00D002E1 /* Sources */ = {
			isa = PBXSourcesBuildPhase;
			buildActionMask = 2147483647;
			files = (
				04B3FC272C990F8F0042E286 /* SummaryCard.swift in Sources */,
				04B3FC332C991EAF0042E286 /* DashboardView.swift in Sources */,
				04E708142C9BCD470069FDDD /* CaffeineRecordView.swift in Sources */,
				04E708202C9BCE210069FDDD /* CoffeeMixtureSectionView.swift in Sources */,
				04E7081E2C9BCDF30069FDDD /* CoffeeDrinkTimeSectionView.swift in Sources */,
				04E708162C9BCD800069FDDD /* CoreDataManager.swift in Sources */,
				04E7081A2C9BCDB90069FDDD /* CoffeeModelling.swift in Sources */,
				04B3FC392C9928710042E286 /* CoffeeView.swift in Sources */,
				0401C5742C96719A00D002E1 /* ContentView.swift in Sources */,
				04E708222C9BCE5D0069FDDD /* CoffeeDetailSheetView.swift in Sources */,
				049FAFC12C9934160085E881 /* DetailCoffee.swift in Sources */,
				04E708262C9BCEED0069FDDD /* CoffeeDetailSectionView.swift in Sources */,
				04D39AAA2C97C65700B12E01 /* consumptionLogPage.swift in Sources */,
				04D39AAE2C97DE1700B12E01 /* historyList.swift in Sources */,
				04E7081C2C9BCDD60069FDDD /* CoffeeFormView.swift in Sources */,
				04B3FC3D2C99D2E40042E286 /* CoffeeCard.swift in Sources */,
				0401C5722C96719A00D002E1 /* brewCoffeeApp.swift in Sources */,
				04E7082E2C9BCF890069FDDD /* CoffeeModel.xcdatamodeld in Sources */,
				04B3FC2B2C9916DD0042E286 /* CurrentCoffeeCard.swift in Sources */,
				04B3FC3F2C9A6E6B0042E286 /* HistoryLogView.swift in Sources */,
				04E708282C9BCF0B0069FDDD /* CoffeeRowView.swift in Sources */,
				04E708182C9BCD9E0069FDDD /* CoffeeController.swift in Sources */,
				04FBDB622C9A999D00F3DC3E /* splashscreen.swift in Sources */,
				04B3FC312C99192D0042E286 /* GraphCaffeine.swift in Sources */,
			);
			runOnlyForDeploymentPostprocessing = 0;
		};
/* End PBXSourcesBuildPhase section */

/* Begin XCBuildConfiguration section */
		0401C57A2C96719B00D002E1 /* Debug */ = {
			isa = XCBuildConfiguration;
			buildSettings = {
				ALWAYS_SEARCH_USER_PATHS = NO;
				ASSETCATALOG_COMPILER_GENERATE_SWIFT_ASSET_SYMBOL_EXTENSIONS = YES;
				CLANG_ANALYZER_NONNULL = YES;
				CLANG_ANALYZER_NUMBER_OBJECT_CONVERSION = YES_AGGRESSIVE;
				CLANG_CXX_LANGUAGE_STANDARD = "gnu++20";
				CLANG_ENABLE_MODULES = YES;
				CLANG_ENABLE_OBJC_ARC = YES;
				CLANG_ENABLE_OBJC_WEAK = YES;
				CLANG_WARN_BLOCK_CAPTURE_AUTORELEASING = YES;
				CLANG_WARN_BOOL_CONVERSION = YES;
				CLANG_WARN_COMMA = YES;
				CLANG_WARN_CONSTANT_CONVERSION = YES;
				CLANG_WARN_DEPRECATED_OBJC_IMPLEMENTATIONS = YES;
				CLANG_WARN_DIRECT_OBJC_ISA_USAGE = YES_ERROR;
				CLANG_WARN_DOCUMENTATION_COMMENTS = YES;
				CLANG_WARN_EMPTY_BODY = YES;
				CLANG_WARN_ENUM_CONVERSION = YES;
				CLANG_WARN_INFINITE_RECURSION = YES;
				CLANG_WARN_INT_CONVERSION = YES;
				CLANG_WARN_NON_LITERAL_NULL_CONVERSION = YES;
				CLANG_WARN_OBJC_IMPLICIT_RETAIN_SELF = YES;
				CLANG_WARN_OBJC_LITERAL_CONVERSION = YES;
				CLANG_WARN_OBJC_ROOT_CLASS = YES_ERROR;
				CLANG_WARN_QUOTED_INCLUDE_IN_FRAMEWORK_HEADER = YES;
				CLANG_WARN_RANGE_LOOP_ANALYSIS = YES;
				CLANG_WARN_STRICT_PROTOTYPES = YES;
				CLANG_WARN_SUSPICIOUS_MOVE = YES;
				CLANG_WARN_UNGUARDED_AVAILABILITY = YES_AGGRESSIVE;
				CLANG_WARN_UNREACHABLE_CODE = YES;
				CLANG_WARN__DUPLICATE_METHOD_MATCH = YES;
				COPY_PHASE_STRIP = NO;
				DEBUG_INFORMATION_FORMAT = dwarf;
				ENABLE_STRICT_OBJC_MSGSEND = YES;
				ENABLE_TESTABILITY = YES;
				ENABLE_USER_SCRIPT_SANDBOXING = YES;
				GCC_C_LANGUAGE_STANDARD = gnu17;
				GCC_DYNAMIC_NO_PIC = NO;
				GCC_NO_COMMON_BLOCKS = YES;
				GCC_OPTIMIZATION_LEVEL = 0;
				GCC_PREPROCESSOR_DEFINITIONS = (
					"DEBUG=1",
					"$(inherited)",
				);
				GCC_WARN_64_TO_32_BIT_CONVERSION = YES;
				GCC_WARN_ABOUT_RETURN_TYPE = YES_ERROR;
				GCC_WARN_UNDECLARED_SELECTOR = YES;
				GCC_WARN_UNINITIALIZED_AUTOS = YES_AGGRESSIVE;
				GCC_WARN_UNUSED_FUNCTION = YES;
				GCC_WARN_UNUSED_VARIABLE = YES;
				IPHONEOS_DEPLOYMENT_TARGET = 17.4;
				LOCALIZATION_PREFERS_STRING_CATALOGS = YES;
				MTL_ENABLE_DEBUG_INFO = INCLUDE_SOURCE;
				MTL_FAST_MATH = YES;
				ONLY_ACTIVE_ARCH = YES;
				SDKROOT = iphoneos;
				SWIFT_ACTIVE_COMPILATION_CONDITIONS = "DEBUG $(inherited)";
				SWIFT_OPTIMIZATION_LEVEL = "-Onone";
			};
			name = Debug;
		};
		0401C57B2C96719B00D002E1 /* Release */ = {
			isa = XCBuildConfiguration;
			buildSettings = {
				ALWAYS_SEARCH_USER_PATHS = NO;
				ASSETCATALOG_COMPILER_GENERATE_SWIFT_ASSET_SYMBOL_EXTENSIONS = YES;
				CLANG_ANALYZER_NONNULL = YES;
				CLANG_ANALYZER_NUMBER_OBJECT_CONVERSION = YES_AGGRESSIVE;
				CLANG_CXX_LANGUAGE_STANDARD = "gnu++20";
				CLANG_ENABLE_MODULES = YES;
				CLANG_ENABLE_OBJC_ARC = YES;
				CLANG_ENABLE_OBJC_WEAK = YES;
				CLANG_WARN_BLOCK_CAPTURE_AUTORELEASING = YES;
				CLANG_WARN_BOOL_CONVERSION = YES;
				CLANG_WARN_COMMA = YES;
				CLANG_WARN_CONSTANT_CONVERSION = YES;
				CLANG_WARN_DEPRECATED_OBJC_IMPLEMENTATIONS = YES;
				CLANG_WARN_DIRECT_OBJC_ISA_USAGE = YES_ERROR;
				CLANG_WARN_DOCUMENTATION_COMMENTS = YES;
				CLANG_WARN_EMPTY_BODY = YES;
				CLANG_WARN_ENUM_CONVERSION = YES;
				CLANG_WARN_INFINITE_RECURSION = YES;
				CLANG_WARN_INT_CONVERSION = YES;
				CLANG_WARN_NON_LITERAL_NULL_CONVERSION = YES;
				CLANG_WARN_OBJC_IMPLICIT_RETAIN_SELF = YES;
				CLANG_WARN_OBJC_LITERAL_CONVERSION = YES;
				CLANG_WARN_OBJC_ROOT_CLASS = YES_ERROR;
				CLANG_WARN_QUOTED_INCLUDE_IN_FRAMEWORK_HEADER = YES;
				CLANG_WARN_RANGE_LOOP_ANALYSIS = YES;
				CLANG_WARN_STRICT_PROTOTYPES = YES;
				CLANG_WARN_SUSPICIOUS_MOVE = YES;
				CLANG_WARN_UNGUARDED_AVAILABILITY = YES_AGGRESSIVE;
				CLANG_WARN_UNREACHABLE_CODE = YES;
				CLANG_WARN__DUPLICATE_METHOD_MATCH = YES;
				COPY_PHASE_STRIP = NO;
				DEBUG_INFORMATION_FORMAT = "dwarf-with-dsym";
				ENABLE_NS_ASSERTIONS = NO;
				ENABLE_STRICT_OBJC_MSGSEND = YES;
				ENABLE_USER_SCRIPT_SANDBOXING = YES;
				GCC_C_LANGUAGE_STANDARD = gnu17;
				GCC_NO_COMMON_BLOCKS = YES;
				GCC_WARN_64_TO_32_BIT_CONVERSION = YES;
				GCC_WARN_ABOUT_RETURN_TYPE = YES_ERROR;
				GCC_WARN_UNDECLARED_SELECTOR = YES;
				GCC_WARN_UNINITIALIZED_AUTOS = YES_AGGRESSIVE;
				GCC_WARN_UNUSED_FUNCTION = YES;
				GCC_WARN_UNUSED_VARIABLE = YES;
				IPHONEOS_DEPLOYMENT_TARGET = 17.4;
				LOCALIZATION_PREFERS_STRING_CATALOGS = YES;
				MTL_ENABLE_DEBUG_INFO = NO;
				MTL_FAST_MATH = YES;
				SDKROOT = iphoneos;
				SWIFT_COMPILATION_MODE = wholemodule;
				VALIDATE_PRODUCT = YES;
			};
			name = Release;
		};
		0401C57D2C96719B00D002E1 /* Debug */ = {
			isa = XCBuildConfiguration;
			buildSettings = {
				ASSETCATALOG_COMPILER_APPICON_NAME = AppIcon;
				ASSETCATALOG_COMPILER_GLOBAL_ACCENT_COLOR_NAME = AccentColor;
				CODE_SIGN_STYLE = Automatic;
				CURRENT_PROJECT_VERSION = 1;
				DEVELOPMENT_ASSET_PATHS = "\"brewCoffee/Preview Content\"";
				DEVELOPMENT_TEAM = DHDAR3736X;
				ENABLE_PREVIEWS = YES;
				GENERATE_INFOPLIST_FILE = YES;
				INFOPLIST_KEY_UIApplicationSceneManifest_Generation = YES;
				INFOPLIST_KEY_UIApplicationSupportsIndirectInputEvents = YES;
				INFOPLIST_KEY_UILaunchScreen_Generation = YES;
				INFOPLIST_KEY_UISupportedInterfaceOrientations_iPad = "UIInterfaceOrientationPortrait UIInterfaceOrientationPortraitUpsideDown UIInterfaceOrientationLandscapeLeft UIInterfaceOrientationLandscapeRight";
				INFOPLIST_KEY_UISupportedInterfaceOrientations_iPhone = "UIInterfaceOrientationPortrait UIInterfaceOrientationLandscapeLeft UIInterfaceOrientationLandscapeRight";
				LD_RUNPATH_SEARCH_PATHS = (
					"$(inherited)",
					"@executable_path/Frameworks",
				);
				MARKETING_VERSION = 1.0;
				PRODUCT_BUNDLE_IDENTIFIER = jonathankriswanto.brewCoffee;
				PRODUCT_NAME = "$(TARGET_NAME)";
				SWIFT_EMIT_LOC_STRINGS = YES;
				SWIFT_VERSION = 5.0;
				TARGETED_DEVICE_FAMILY = "1,2";
			};
			name = Debug;
		};
		0401C57E2C96719B00D002E1 /* Release */ = {
			isa = XCBuildConfiguration;
			buildSettings = {
				ASSETCATALOG_COMPILER_APPICON_NAME = AppIcon;
				ASSETCATALOG_COMPILER_GLOBAL_ACCENT_COLOR_NAME = AccentColor;
				CODE_SIGN_STYLE = Automatic;
				CURRENT_PROJECT_VERSION = 1;
				DEVELOPMENT_ASSET_PATHS = "\"brewCoffee/Preview Content\"";
				DEVELOPMENT_TEAM = DHDAR3736X;
				ENABLE_PREVIEWS = YES;
				GENERATE_INFOPLIST_FILE = YES;
				INFOPLIST_KEY_UIApplicationSceneManifest_Generation = YES;
				INFOPLIST_KEY_UIApplicationSupportsIndirectInputEvents = YES;
				INFOPLIST_KEY_UILaunchScreen_Generation = YES;
				INFOPLIST_KEY_UISupportedInterfaceOrientations_iPad = "UIInterfaceOrientationPortrait UIInterfaceOrientationPortraitUpsideDown UIInterfaceOrientationLandscapeLeft UIInterfaceOrientationLandscapeRight";
				INFOPLIST_KEY_UISupportedInterfaceOrientations_iPhone = "UIInterfaceOrientationPortrait UIInterfaceOrientationLandscapeLeft UIInterfaceOrientationLandscapeRight";
				LD_RUNPATH_SEARCH_PATHS = (
					"$(inherited)",
					"@executable_path/Frameworks",
				);
				MARKETING_VERSION = 1.0;
				PRODUCT_BUNDLE_IDENTIFIER = jonathankriswanto.brewCoffee;
				PRODUCT_NAME = "$(TARGET_NAME)";
				SWIFT_EMIT_LOC_STRINGS = YES;
				SWIFT_VERSION = 5.0;
				TARGETED_DEVICE_FAMILY = "1,2";
			};
			name = Release;
		};
/* End XCBuildConfiguration section */

/* Begin XCConfigurationList section */
		0401C5692C96719A00D002E1 /* Build configuration list for PBXProject "brewCoffee" */ = {
			isa = XCConfigurationList;
			buildConfigurations = (
				0401C57A2C96719B00D002E1 /* Debug */,
				0401C57B2C96719B00D002E1 /* Release */,
			);
			defaultConfigurationIsVisible = 0;
			defaultConfigurationName = Release;
		};
		0401C57C2C96719B00D002E1 /* Build configuration list for PBXNativeTarget "brewCoffee" */ = {
			isa = XCConfigurationList;
			buildConfigurations = (
				0401C57D2C96719B00D002E1 /* Debug */,
				0401C57E2C96719B00D002E1 /* Release */,
			);
			defaultConfigurationIsVisible = 0;
			defaultConfigurationName = Release;
		};
/* End XCConfigurationList section */

/* Begin XCVersionGroup section */
		04E7082C2C9BCF890069FDDD /* CoffeeModel.xcdatamodeld */ = {
			isa = XCVersionGroup;
			children = (
				04E7082D2C9BCF890069FDDD /* CoffeeModel.xcdatamodel */,
			);
			currentVersion = 04E7082D2C9BCF890069FDDD /* CoffeeModel.xcdatamodel */;
			name = CoffeeModel.xcdatamodeld;
			path = /Users/mac/Documents/SwiftJohanes/brewCoffee/brewCoffee/CaffeineRecord/CoffeeModel.xcdatamodeld;
			sourceTree = "<group>";
			versionGroupType = wrapper.xcdatamodel;
		};
/* End XCVersionGroup section */
	};
	rootObject = 0401C5662C96719A00D002E1 /* Project object */;
}
